
Microsoft Visual Studio Solution File, Format Version 12.00
# Visual Studio Version 16
VisualStudioVersion = 16.0.30523.141
MinimumVisualStudioVersion = 10.0.40219.1
Project("{FAE04EC0-301F-11D3-BF4B-00C04F79EFBC}") = "CSC205 Math Game", "CSC205 Math Game\CSC205 Math Game.csproj", "{1752A68C-9767-4E55-84D8-A9EB5901AB7D}"
EndProject
Global
	GlobalSection(SolutionConfigurationPlatforms) = preSolution
		Debug|Any CPU = Debug|Any CPU
		Release|Any CPU = Release|Any CPU
	EndGlobalSection
	GlobalSection(ProjectConfigurationPlatforms) = postSolution
		{1752A68C-9767-4E55-84D8-A9EB5901AB7D}.Debug|Any CPU.ActiveCfg = Debug|Any CPU
		{1752A68C-9767-4E55-84D8-A9EB5901AB7D}.Debug|Any CPU.Build.0 = Debug|Any CPU
		{1752A68C-9767-4E55-84D8-A9EB5901AB7D}.Release|Any CPU.ActiveCfg = Release|Any CPU
		{1752A68C-9767-4E55-84D8-A9EB5901AB7D}.Release|Any CPU.Build.0 = Release|Any CPU
	EndGlobalSection
	GlobalSection(SolutionProperties) = preSolution
		HideSolutionNode = FALSE
	EndGlobalSection
	GlobalSection(ExtensibilityGlobals) = postSolution
		SolutionGuid = {42909004-1D06-40C3-A38B-D99E455BD353}
	EndGlobalSection
EndGlobal
